
Microsoft Visual Studio Solution File, Format Version 12.00
Project("{FAE04EC0-301F-11D3-BF4B-00C04F79EFBC}") = "POOF", "POOF.csproj", "{FFA10F51-6EE5-4E89-A0AB-207AD38A3AC8}"
EndProject
Global
	GlobalSection(SolutionConfigurationPlatforms) = preSolution
		Debug|Any CPU = Debug|Any CPU
		Release|Any CPU = Release|Any CPU
	EndGlobalSection
	GlobalSection(ProjectConfigurationPlatforms) = postSolution
		{FFA10F51-6EE5-4E89-A0AB-207AD38A3AC8}.Debug|Any CPU.ActiveCfg = Debug|Any CPU
		{FFA10F51-6EE5-4E89-A0AB-207AD38A3AC8}.Debug|Any CPU.Build.0 = Debug|Any CPU
		{FFA10F51-6EE5-4E89-A0AB-207AD38A3AC8}.Release|Any CPU.ActiveCfg = Release|Any CPU
		{FFA10F51-6EE5-4E89-A0AB-207AD38A3AC8}.Release|Any CPU.Build.0 = Release|Any CPU
	EndGlobalSection
EndGlobal
